// !$*UTF8*$!
{
	archiveVersion = 1;
	classes = {
	};
	objectVersion = 46;
	objects = {

/* Begin PBXBuildFile section */
		D86691111802388E00D50187 /* Foundation.framework in Frameworks */ = {isa = PBXBuildFile; fileRef = D86691101802388E00D50187 /* Foundation.framework */; };
		D86691131802388E00D50187 /* CoreGraphics.framework in Frameworks */ = {isa = PBXBuildFile; fileRef = D86691121802388E00D50187 /* CoreGraphics.framework */; };
		D86691151802388E00D50187 /* UIKit.framework in Frameworks */ = {isa = PBXBuildFile; fileRef = D86691141802388E00D50187 /* UIKit.framework */; };
		D866911B1802388E00D50187 /* InfoPlist.strings in Resources */ = {isa = PBXBuildFile; fileRef = D86691191802388E00D50187 /* InfoPlist.strings */; };
		D866911D1802388E00D50187 /* main.m in Sources */ = {isa = PBXBuildFile; fileRef = D866911C1802388E00D50187 /* main.m */; };
		D86691211802388E00D50187 /* AppDelegate.m in Sources */ = {isa = PBXBuildFile; fileRef = D86691201802388E00D50187 /* AppDelegate.m */; };
		D86691241802388E00D50187 /* Main_iPhone.storyboard in Resources */ = {isa = PBXBuildFile; fileRef = D86691221802388E00D50187 /* Main_iPhone.storyboard */; };
		D86691271802388E00D50187 /* Main_iPad.storyboard in Resources */ = {isa = PBXBuildFile; fileRef = D86691251802388E00D50187 /* Main_iPad.storyboard */; };
		D866912A1802388E00D50187 /* ViewController.m in Sources */ = {isa = PBXBuildFile; fileRef = D86691291802388E00D50187 /* ViewController.m */; };
		D866912C1802388E00D50187 /* Images.xcassets in Resources */ = {isa = PBXBuildFile; fileRef = D866912B1802388E00D50187 /* Images.xcassets */; };
		D86691331802388E00D50187 /* XCTest.framework in Frameworks */ = {isa = PBXBuildFile; fileRef = D86691321802388E00D50187 /* XCTest.framework */; };
		D86691341802388E00D50187 /* Foundation.framework in Frameworks */ = {isa = PBXBuildFile; fileRef = D86691101802388E00D50187 /* Foundation.framework */; };
		D86691351802388E00D50187 /* UIKit.framework in Frameworks */ = {isa = PBXBuildFile; fileRef = D86691141802388E00D50187 /* UIKit.framework */; };
		D866913D1802388E00D50187 /* InfoPlist.strings in Resources */ = {isa = PBXBuildFile; fileRef = D866913B1802388E00D50187 /* InfoPlist.strings */; };
		D866913F1802388E00D50187 /* ACCSportsTests.m in Sources */ = {isa = PBXBuildFile; fileRef = D866913E1802388E00D50187 /* ACCSportsTests.m */; };
/* End PBXBuildFile section */

/* Begin PBXContainerItemProxy section */
		D86691361802388E00D50187 /* PBXContainerItemProxy */ = {
			isa = PBXContainerItemProxy;
			containerPortal = D86691051802388E00D50187 /* Project object */;
			proxyType = 1;
			remoteGlobalIDString = D866910C1802388E00D50187;
			remoteInfo = ACCSports;
		};
/* End PBXContainerItemProxy section */

/* Begin PBXFileReference section */
		D866910D1802388E00D50187 /* ACCSports.app */ = {isa = PBXFileReference; explicitFileType = wrapper.application; includeInIndex = 0; path = ACCSports.app; sourceTree = BUILT_PRODUCTS_DIR; };
		D86691101802388E00D50187 /* Foundation.framework */ = {isa = PBXFileReference; lastKnownFileType = wrapper.framework; name = Foundation.framework; path = System/Library/Frameworks/Foundation.framework; sourceTree = SDKROOT; };
		D86691121802388E00D50187 /* CoreGraphics.framework */ = {isa = PBXFileReference; lastKnownFileType = wrapper.framework; name = CoreGraphics.framework; path = System/Library/Frameworks/CoreGraphics.framework; sourceTree = SDKROOT; };
		D86691141802388E00D50187 /* UIKit.framework */ = {isa = PBXFileReference; lastKnownFileType = wrapper.framework; name = UIKit.framework; path = System/Library/Frameworks/UIKit.framework; sourceTree = SDKROOT; };
		D86691181802388E00D50187 /* ACCSports-Info.plist */ = {isa = PBXFileReference; lastKnownFileType = text.plist.xml; path = "ACCSports-Info.plist"; sourceTree = "<group>"; };
		D866911A1802388E00D50187 /* en */ = {isa = PBXFileReference; lastKnownFileType = text.plist.strings; name = en; path = en.lproj/InfoPlist.strings; sourceTree = "<group>"; };
		D866911C1802388E00D50187 /* main.m */ = {isa = PBXFileReference; lastKnownFileType = sourcecode.c.objc; path = main.m; sourceTree = "<group>"; };
		D866911E1802388E00D50187 /* ACCSports-Prefix.pch */ = {isa = PBXFileReference; lastKnownFileType = sourcecode.c.h; path = "ACCSports-Prefix.pch"; sourceTree = "<group>"; };
		D866911F1802388E00D50187 /* AppDelegate.h */ = {isa = PBXFileReference; lastKnownFileType = sourcecode.c.h; path = AppDelegate.h; sourceTree = "<group>"; };
		D86691201802388E00D50187 /* AppDelegate.m */ = {isa = PBXFileReference; lastKnownFileType = sourcecode.c.objc; path = AppDelegate.m; sourceTree = "<group>"; };
		D86691231802388E00D50187 /* Base */ = {isa = PBXFileReference; lastKnownFileType = file.storyboard; name = Base; path = Base.lproj/Main_iPhone.storyboard; sourceTree = "<group>"; };
		D86691261802388E00D50187 /* Base */ = {isa = PBXFileReference; lastKnownFileType = file.storyboard; name = Base; path = Base.lproj/Main_iPad.storyboard; sourceTree = "<group>"; };
		D86691281802388E00D50187 /* ViewController.h */ = {isa = PBXFileReference; lastKnownFileType = sourcecode.c.h; path = ViewController.h; sourceTree = "<group>"; };
		D86691291802388E00D50187 /* ViewController.m */ = {isa = PBXFileReference; lastKnownFileType = sourcecode.c.objc; path = ViewController.m; sourceTree = "<group>"; };
		D866912B1802388E00D50187 /* Images.xcassets */ = {isa = PBXFileReference; lastKnownFileType = folder.assetcatalog; path = Images.xcassets; sourceTree = "<group>"; };
		D86691311802388E00D50187 /* ACCSportsTests.xctest */ = {isa = PBXFileReference; explicitFileType = wrapper.cfbundle; includeInIndex = 0; path = ACCSportsTests.xctest; sourceTree = BUILT_PRODUCTS_DIR; };
		D86691321802388E00D50187 /* XCTest.framework */ = {isa = PBXFileReference; lastKnownFileType = wrapper.framework; name = XCTest.framework; path = Library/Frameworks/XCTest.framework; sourceTree = DEVELOPER_DIR; };
		D866913A1802388E00D50187 /* ACCSportsTests-Info.plist */ = {isa = PBXFileReference; lastKnownFileType = text.plist.xml; path = "ACCSportsTests-Info.plist"; sourceTree = "<group>"; };
		D866913C1802388E00D50187 /* en */ = {isa = PBXFileReference; lastKnownFileType = text.plist.strings; name = en; path = en.lproj/InfoPlist.strings; sourceTree = "<group>"; };
		D866913E1802388E00D50187 /* ACCSportsTests.m */ = {isa = PBXFileReference; lastKnownFileType = sourcecode.c.objc; path = ACCSportsTests.m; sourceTree = "<group>"; };
/* End PBXFileReference section */

/* Begin PBXFrameworksBuildPhase section */
		D866910A1802388E00D50187 /* Frameworks */ = {
			isa = PBXFrameworksBuildPhase;
			buildActionMask = 2147483647;
			files = (
				D86691131802388E00D50187 /* CoreGraphics.framework in Frameworks */,
				D86691151802388E00D50187 /* UIKit.framework in Frameworks */,
				D86691111802388E00D50187 /* Foundation.framework in Frameworks */,
			);
			runOnlyForDeploymentPostprocessing = 0;
		};
		D866912E1802388E00D50187 /* Frameworks */ = {
			isa = PBXFrameworksBuildPhase;
			buildActionMask = 2147483647;
			files = (
				D86691331802388E00D50187 /* XCTest.framework in Frameworks */,
				D86691351802388E00D50187 /* UIKit.framework in Frameworks */,
				D86691341802388E00D50187 /* Foundation.framework in Frameworks */,
			);
			runOnlyForDeploymentPostprocessing = 0;
		};
/* End PBXFrameworksBuildPhase section */

/* Begin PBXGroup section */
		D86691041802388E00D50187 = {
			isa = PBXGroup;
			children = (
				D86691161802388E00D50187 /* ACCSports */,
				D86691381802388E00D50187 /* ACCSportsTests */,
				D866910F1802388E00D50187 /* Frameworks */,
				D866910E1802388E00D50187 /* Products */,
			);
			sourceTree = "<group>";
		};
		D866910E1802388E00D50187 /* Products */ = {
			isa = PBXGroup;
			children = (
				D866910D1802388E00D50187 /* ACCSports.app */,
				D86691311802388E00D50187 /* ACCSportsTests.xctest */,
			);
			name = Products;
			sourceTree = "<group>";
		};
		D866910F1802388E00D50187 /* Frameworks */ = {
			isa = PBXGroup;
			children = (
				D86691101802388E00D50187 /* Foundation.framework */,
				D86691121802388E00D50187 /* CoreGraphics.framework */,
				D86691141802388E00D50187 /* UIKit.framework */,
				D86691321802388E00D50187 /* XCTest.framework */,
			);
			name = Frameworks;
			sourceTree = "<group>";
		};
		D86691161802388E00D50187 /* ACCSports */ = {
			isa = PBXGroup;
			children = (
				D866911F1802388E00D50187 /* AppDelegate.h */,
				D86691201802388E00D50187 /* AppDelegate.m */,
				D86691221802388E00D50187 /* Main_iPhone.storyboard */,
				D86691251802388E00D50187 /* Main_iPad.storyboard */,
				D86691281802388E00D50187 /* ViewController.h */,
				D86691291802388E00D50187 /* ViewController.m */,
				D866912B1802388E00D50187 /* Images.xcassets */,
				D86691171802388E00D50187 /* Supporting Files */,
			);
			path = ACCSports;
			sourceTree = "<group>";
		};
		D86691171802388E00D50187 /* Supporting Files */ = {
			isa = PBXGroup;
			children = (
				D86691181802388E00D50187 /* ACCSports-Info.plist */,
				D86691191802388E00D50187 /* InfoPlist.strings */,
				D866911C1802388E00D50187 /* main.m */,
				D866911E1802388E00D50187 /* ACCSports-Prefix.pch */,
			);
			name = "Supporting Files";
			sourceTree = "<group>";
		};
		D86691381802388E00D50187 /* ACCSportsTests */ = {
			isa = PBXGroup;
			children = (
				D866913E1802388E00D50187 /* ACCSportsTests.m */,
				D86691391802388E00D50187 /* Supporting Files */,
			);
			path = ACCSportsTests;
			sourceTree = "<group>";
		};
		D86691391802388E00D50187 /* Supporting Files */ = {
			isa = PBXGroup;
			children = (
				D866913A1802388E00D50187 /* ACCSportsTests-Info.plist */,
				D866913B1802388E00D50187 /* InfoPlist.strings */,
			);
			name = "Supporting Files";
			sourceTree = "<group>";
		};
/* End PBXGroup section */

/* Begin PBXNativeTarget section */
		D866910C1802388E00D50187 /* ACCSports */ = {
			isa = PBXNativeTarget;
			buildConfigurationList = D86691421802388E00D50187 /* Build configuration list for PBXNativeTarget "ACCSports" */;
			buildPhases = (
				D86691091802388E00D50187 /* Sources */,
				D866910A1802388E00D50187 /* Frameworks */,
				D866910B1802388E00D50187 /* Resources */,
			);
			buildRules = (
			);
			dependencies = (
			);
			name = ACCSports;
			productName = ACCSports;
			productReference = D866910D1802388E00D50187 /* ACCSports.app */;
			productType = "com.apple.product-type.application";
		};
		D86691301802388E00D50187 /* ACCSportsTests */ = {
			isa = PBXNativeTarget;
			buildConfigurationList = D86691451802388E00D50187 /* Build configuration list for PBXNativeTarget "ACCSportsTests" */;
			buildPhases = (
				D866912D1802388E00D50187 /* Sources */,
				D866912E1802388E00D50187 /* Frameworks */,
				D866912F1802388E00D50187 /* Resources */,
			);
			buildRules = (
			);
			dependencies = (
				D86691371802388E00D50187 /* PBXTargetDependency */,
			);
			name = ACCSportsTests;
			productName = ACCSportsTests;
			productReference = D86691311802388E00D50187 /* ACCSportsTests.xctest */;
			productType = "com.apple.product-type.bundle.unit-test";
		};
/* End PBXNativeTarget section */

/* Begin PBXProject section */
		D86691051802388E00D50187 /* Project object */ = {
			isa = PBXProject;
			attributes = {
				LastUpgradeCheck = 0500;
				ORGANIZATIONNAME = "Mike Gazdich";
				TargetAttributes = {
					D86691301802388E00D50187 = {
						TestTargetID = D866910C1802388E00D50187;
					};
				};
			};
			buildConfigurationList = D86691081802388E00D50187 /* Build configuration list for PBXProject "ACCSports" */;
			compatibilityVersion = "Xcode 3.2";
			developmentRegion = English;
			hasScannedForEncodings = 0;
			knownRegions = (
				en,
				Base,
			);
			mainGroup = D86691041802388E00D50187;
			productRefGroup = D866910E1802388E00D50187 /* Products */;
			projectDirPath = "";
			projectRoot = "";
			targets = (
				D866910C1802388E00D50187 /* ACCSports */,
				D86691301802388E00D50187 /* ACCSportsTests */,
			);
		};
/* End PBXProject section */

/* Begin PBXResourcesBuildPhase section */
		D866910B1802388E00D50187 /* Resources */ = {
			isa = PBXResourcesBuildPhase;
			buildActionMask = 2147483647;
			files = (
				D86691271802388E00D50187 /* Main_iPad.storyboard in Resources */,
				D866912C1802388E00D50187 /* Images.xcassets in Resources */,
				D86691241802388E00D50187 /* Main_iPhone.storyboard in Resources */,
				D866911B1802388E00D50187 /* InfoPlist.strings in Resources */,
			);
			runOnlyForDeploymentPostprocessing = 0;
		};
		D866912F1802388E00D50187 /* Resources */ = {
			isa = PBXResourcesBuildPhase;
			buildActionMask = 2147483647;
			files = (
				D866913D1802388E00D50187 /* InfoPlist.strings in Resources */,
			);
			runOnlyForDeploymentPostprocessing = 0;
		};
/* End PBXResourcesBuildPhase section */

/* Begin PBXSourcesBuildPhase section */
		D86691091802388E00D50187 /* Sources */ = {
			isa = PBXSourcesBuildPhase;
			buildActionMask = 2147483647;
			files = (
				D866912A1802388E00D50187 /* ViewController.m in Sources */,
				D86691211802388E00D50187 /* AppDelegate.m in Sources */,
				D866911D1802388E00D50187 /* main.m in Sources */,
			);
			runOnlyForDeploymentPostprocessing = 0;
		};
		D866912D1802388E00D50187 /* Sources */ = {
			isa = PBXSourcesBuildPhase;
			buildActionMask = 2147483647;
			files = (
				D866913F1802388E00D50187 /* ACCSportsTests.m in Sources */,
			);
			runOnlyForDeploymentPostprocessing = 0;
		};
/* End PBXSourcesBuildPhase section */

/* Begin PBXTargetDependency section */
		D86691371802388E00D50187 /* PBXTargetDependency */ = {
			isa = PBXTargetDependency;
			target = D866910C1802388E00D50187 /* ACCSports */;
			targetProxy = D86691361802388E00D50187 /* PBXContainerItemProxy */;
		};
/* End PBXTargetDependency section */

/* Begin PBXVariantGroup section */
		D86691191802388E00D50187 /* InfoPlist.strings */ = {
			isa = PBXVariantGroup;
			children = (
				D866911A1802388E00D50187 /* en */,
			);
			name = InfoPlist.strings;
			sourceTree = "<group>";
		};
		D86691221802388E00D50187 /* Main_iPhone.storyboard */ = {
			isa = PBXVariantGroup;
			children = (
				D86691231802388E00D50187 /* Base */,
			);
			name = Main_iPhone.storyboard;
			sourceTree = "<group>";
		};
		D86691251802388E00D50187 /* Main_iPad.storyboard */ = {
			isa = PBXVariantGroup;
			children = (
				D86691261802388E00D50187 /* Base */,
			);
			name = Main_iPad.storyboard;
			sourceTree = "<group>";
		};
		D866913B1802388E00D50187 /* InfoPlist.strings */ = {
			isa = PBXVariantGroup;
			children = (
				D866913C1802388E00D50187 /* en */,
			);
			name = InfoPlist.strings;
			sourceTree = "<group>";
		};
/* End PBXVariantGroup section */

/* Begin XCBuildConfiguration section */
		D86691401802388E00D50187 /* Debug */ = {
			isa = XCBuildConfiguration;
			buildSettings = {
				ALWAYS_SEARCH_USER_PATHS = NO;
				ARCHS = "$(ARCHS_STANDARD_INCLUDING_64_BIT)";
				CLANG_CXX_LANGUAGE_STANDARD = "gnu++0x";
				CLANG_CXX_LIBRARY = "libc++";
				CLANG_ENABLE_MODULES = YES;
				CLANG_ENABLE_OBJC_ARC = YES;
				CLANG_WARN_BOOL_CONVERSION = YES;
				CLANG_WARN_CONSTANT_CONVERSION = YES;
				CLANG_WARN_DIRECT_OBJC_ISA_USAGE = YES_ERROR;
				CLANG_WARN_EMPTY_BODY = YES;
				CLANG_WARN_ENUM_CONVERSION = YES;
				CLANG_WARN_INT_CONVERSION = YES;
				CLANG_WARN_OBJC_ROOT_CLASS = YES_ERROR;
				CLANG_WARN__DUPLICATE_METHOD_MATCH = YES;
				"CODE_SIGN_IDENTITY[sdk=iphoneos*]" = "iPhone Developer";
				COPY_PHASE_STRIP = NO;
				GCC_C_LANGUAGE_STANDARD = gnu99;
				GCC_DYNAMIC_NO_PIC = NO;
				GCC_OPTIMIZATION_LEVEL = 0;
				GCC_PREPROCESSOR_DEFINITIONS = (
					"DEBUG=1",
					"$(inherited)",
				);
				GCC_SYMBOLS_PRIVATE_EXTERN = NO;
				GCC_WARN_64_TO_32_BIT_CONVERSION = YES;
				GCC_WARN_ABOUT_RETURN_TYPE = YES_ERROR;
				GCC_WARN_UNDECLARED_SELECTOR = YES;
				GCC_WARN_UNINITIALIZED_AUTOS = YES;
				GCC_WARN_UNUSED_FUNCTION = YES;
				GCC_WARN_UNUSED_VARIABLE = YES;
				IPHONEOS_DEPLOYMENT_TARGET = 7.0;
				ONLY_ACTIVE_ARCH = YES;
				SDKROOT = iphoneos;
				TARGETED_DEVICE_FAMILY = "1,2";
			};
			name = Debug;
		};
		D86691411802388E00D50187 /* Release */ = {
			isa = XCBuildConfiguration;
			buildSettings = {
				ALWAYS_SEARCH_USER_PATHS = NO;
				ARCHS = "$(ARCHS_STANDARD_INCLUDING_64_BIT)";
				CLANG_CXX_LANGUAGE_STANDARD = "gnu++0x";
				CLANG_CXX_LIBRARY = "libc++";
				CLANG_ENABLE_MODULES = YES;
				CLANG_ENABLE_OBJC_ARC = YES;
				CLANG_WARN_BOOL_CONVERSION = YES;
				CLANG_WARN_CONSTANT_CONVERSION = YES;
				CLANG_WARN_DIRECT_OBJC_ISA_USAGE = YES_ERROR;
				CLANG_WARN_EMPTY_BODY = YES;
				CLANG_WARN_ENUM_CONVERSION = YES;
				CLANG_WARN_INT_CONVERSION = YES;
				CLANG_WARN_OBJC_ROOT_CLASS = YES_ERROR;
				CLANG_WARN__DUPLICATE_METHOD_MATCH = YES;
				"CODE_SIGN_IDENTITY[sdk=iphoneos*]" = "iPhone Developer";
				COPY_PHASE_STRIP = YES;
				ENABLE_NS_ASSERTIONS = NO;
				GCC_C_LANGUAGE_STANDARD = gnu99;
				GCC_WARN_64_TO_32_BIT_CONVERSION = YES;
				GCC_WARN_ABOUT_RETURN_TYPE = YES_ERROR;
				GCC_WARN_UNDECLARED_SELECTOR = YES;
				GCC_WARN_UNINITIALIZED_AUTOS = YES;
				GCC_WARN_UNUSED_FUNCTION = YES;
				GCC_WARN_UNUSED_VARIABLE = YES;
				IPHONEOS_DEPLOYMENT_TARGET = 7.0;
				SDKROOT = iphoneos;
				TARGETED_DEVICE_FAMILY = "1,2";
				VALIDATE_PRODUCT = YES;
			};
			name = Release;
		};
		D86691431802388E00D50187 /* Debug */ = {
			isa = XCBuildConfiguration;
			buildSettings = {
				ASSETCATALOG_COMPILER_APPICON_NAME = AppIcon;
				ASSETCATALOG_COMPILER_LAUNCHIMAGE_NAME = LaunchImage;
				GCC_PRECOMPILE_PREFIX_HEADER = YES;
				GCC_PREFIX_HEADER = "ACCSports/ACCSports-Prefix.pch";
				INFOPLIST_FILE = "ACCSports/ACCSports-Info.plist";
				PRODUCT_NAME = "$(TARGET_NAME)";
				WRAPPER_EXTENSION = app;
			};
			name = Debug;
		};
		D86691441802388E00D50187 /* Release */ = {
			isa = XCBuildConfiguration;
			buildSettings = {
				ASSETCATALOG_COMPILER_APPICON_NAME = AppIcon;
				ASSETCATALOG_COMPILER_LAUNCHIMAGE_NAME = LaunchImage;
				GCC_PRECOMPILE_PREFIX_HEADER = YES;
				GCC_PREFIX_HEADER = "ACCSports/ACCSports-Prefix.pch";
				INFOPLIST_FILE = "ACCSports/ACCSports-Info.plist";
				PRODUCT_NAME = "$(TARGET_NAME)";
				WRAPPER_EXTENSION = app;
			};
			name = Release;
		};
		D86691461802388E00D50187 /* Debug */ = {
			isa = XCBuildConfiguration;
			buildSettings = {
				ARCHS = "$(ARCHS_STANDARD_INCLUDING_64_BIT)";
				BUNDLE_LOADER = "$(BUILT_PRODUCTS_DIR)/ACCSports.app/ACCSports";
				FRAMEWORK_SEARCH_PATHS = (
					"$(SDKROOT)/Developer/Library/Frameworks",
					"$(inherited)",
					"$(DEVELOPER_FRAMEWORKS_DIR)",
				);
				GCC_PRECOMPILE_PREFIX_HEADER = YES;
				GCC_PREFIX_HEADER = "ACCSports/ACCSports-Prefix.pch";
				GCC_PREPROCESSOR_DEFINITIONS = (
					"DEBUG=1",
					"$(inherited)",
				);
				INFOPLIST_FILE = "ACCSportsTests/ACCSportsTests-Info.plist";
				PRODUCT_NAME = "$(TARGET_NAME)";
				TEST_HOST = "$(BUNDLE_LOADER)";
				WRAPPER_EXTENSION = xctest;
			};
			name = Debug;
		};
		D86691471802388E00D50187 /* Release */ = {
			isa = XCBuildConfiguration;
			buildSettings = {
				ARCHS = "$(ARCHS_STANDARD_INCLUDING_64_BIT)";
				BUNDLE_LOADER = "$(BUILT_PRODUCTS_DIR)/ACCSports.app/ACCSports";
				FRAMEWORK_SEARCH_PATHS = (
					"$(SDKROOT)/Developer/Library/Frameworks",
					"$(inherited)",
					"$(DEVELOPER_FRAMEWORKS_DIR)",
				);
				GCC_PRECOMPILE_PREFIX_HEADER = YES;
				GCC_PREFIX_HEADER = "ACCSports/ACCSports-Prefix.pch";
				INFOPLIST_FILE = "ACCSportsTests/ACCSportsTests-Info.plist";
				PRODUCT_NAME = "$(TARGET_NAME)";
				TEST_HOST = "$(BUNDLE_LOADER)";
				WRAPPER_EXTENSION = xctest;
			};
			name = Release;
		};
/* End XCBuildConfiguration section */

/* Begin XCConfigurationList section */
		D86691081802388E00D50187 /* Build configuration list for PBXProject "ACCSports" */ = {
			isa = XCConfigurationList;
			buildConfigurations = (
				D86691401802388E00D50187 /* Debug */,
				D86691411802388E00D50187 /* Release */,
			);
			defaultConfigurationIsVisible = 0;
			defaultConfigurationName = Release;
		};
		D86691421802388E00D50187 /* Build configuration list for PBXNativeTarget "ACCSports" */ = {
			isa = XCConfigurationList;
			buildConfigurations = (
				D86691431802388E00D50187 /* Debug */,
				D86691441802388E00D50187 /* Release */,
			);
			defaultConfigurationIsVisible = 0;
		};
		D86691451802388E00D50187 /* Build configuration list for PBXNativeTarget "ACCSportsTests" */ = {
			isa = XCConfigurationList;
			buildConfigurations = (
				D86691461802388E00D50187 /* Debug */,
				D86691471802388E00D50187 /* Release */,
			);
			defaultConfigurationIsVisible = 0;
		};
/* End XCConfigurationList section */
	};
	rootObject = D86691051802388E00D50187 /* Project object */;
}
